// !$*UTF8*$!
{
	archiveVersion = 1;
	classes = {
	};
	objectVersion = 50;
	objects = {

/* Begin PBXBuildFile section */
		B21A1881268E5D3B00F0474E /* AccountOptionViewModel.swift in Sources */ = {isa = PBXBuildFile; fileRef = B21A1880268E5D3B00F0474E /* AccountOptionViewModel.swift */; };
		B21A1884268E5D7300F0474E /* Option.swift in Sources */ = {isa = PBXBuildFile; fileRef = B21A1883268E5D7300F0474E /* Option.swift */; };
		B21A1888268E5DBE00F0474E /* AccountOption.swift in Sources */ = {isa = PBXBuildFile; fileRef = B21A1887268E5DBE00F0474E /* AccountOption.swift */; };
		B2FF1BE9268DECE6001F5840 /* AppDelegate.swift in Sources */ = {isa = PBXBuildFile; fileRef = B2FF1BE8268DECE6001F5840 /* AppDelegate.swift */; };
		B2FF1BEB268DECE6001F5840 /* SceneDelegate.swift in Sources */ = {isa = PBXBuildFile; fileRef = B2FF1BEA268DECE6001F5840 /* SceneDelegate.swift */; };
		B2FF1BED268DECE6001F5840 /* HTProfileVC.swift in Sources */ = {isa = PBXBuildFile; fileRef = B2FF1BEC268DECE6001F5840 /* HTProfileVC.swift */; };
		B2FF1BF2268DECE9001F5840 /* Assets.xcassets in Resources */ = {isa = PBXBuildFile; fileRef = B2FF1BF1268DECE9001F5840 /* Assets.xcassets */; };
		B2FF1BF5268DECE9001F5840 /* LaunchScreen.storyboard in Resources */ = {isa = PBXBuildFile; fileRef = B2FF1BF3268DECE9001F5840 /* LaunchScreen.storyboard */; };
		B2FF1C00268DF069001F5840 /* HTHeaderCell.swift in Sources */ = {isa = PBXBuildFile; fileRef = B2FF1BFF268DF069001F5840 /* HTHeaderCell.swift */; };
		B2FF1C03268DF1B3001F5840 /* HTImageView.swift in Sources */ = {isa = PBXBuildFile; fileRef = B2FF1C02268DF1B3001F5840 /* HTImageView.swift */; };
		B2FF1C0A268DF387001F5840 /* HTNameLabel.swift in Sources */ = {isa = PBXBuildFile; fileRef = B2FF1C09268DF387001F5840 /* HTNameLabel.swift */; };
		B2FF1C0D268E0A29001F5840 /* HTProfileBodyCell.swift in Sources */ = {isa = PBXBuildFile; fileRef = B2FF1C0C268E0A29001F5840 /* HTProfileBodyCell.swift */; };
/* End PBXBuildFile section */

/* Begin PBXFileReference section */
		B21A1880268E5D3B00F0474E /* AccountOptionViewModel.swift */ = {isa = PBXFileReference; lastKnownFileType = sourcecode.swift; path = AccountOptionViewModel.swift; sourceTree = "<group>"; };
		B21A1883268E5D7300F0474E /* Option.swift */ = {isa = PBXFileReference; lastKnownFileType = sourcecode.swift; path = Option.swift; sourceTree = "<group>"; };
		B21A1887268E5DBE00F0474E /* AccountOption.swift */ = {isa = PBXFileReference; lastKnownFileType = sourcecode.swift; path = AccountOption.swift; sourceTree = "<group>"; };
		B2FF1BE5268DECE6001F5840 /* Hubtel-iOS.app */ = {isa = PBXFileReference; explicitFileType = wrapper.application; includeInIndex = 0; path = "Hubtel-iOS.app"; sourceTree = BUILT_PRODUCTS_DIR; };
		B2FF1BE8268DECE6001F5840 /* AppDelegate.swift */ = {isa = PBXFileReference; lastKnownFileType = sourcecode.swift; path = AppDelegate.swift; sourceTree = "<group>"; };
		B2FF1BEA268DECE6001F5840 /* SceneDelegate.swift */ = {isa = PBXFileReference; lastKnownFileType = sourcecode.swift; path = SceneDelegate.swift; sourceTree = "<group>"; };
		B2FF1BEC268DECE6001F5840 /* HTProfileVC.swift */ = {isa = PBXFileReference; lastKnownFileType = sourcecode.swift; path = HTProfileVC.swift; sourceTree = "<group>"; };
		B2FF1BF1268DECE9001F5840 /* Assets.xcassets */ = {isa = PBXFileReference; lastKnownFileType = folder.assetcatalog; path = Assets.xcassets; sourceTree = "<group>"; };
		B2FF1BF4268DECE9001F5840 /* Base */ = {isa = PBXFileReference; lastKnownFileType = file.storyboard; name = Base; path = Base.lproj/LaunchScreen.storyboard; sourceTree = "<group>"; };
		B2FF1BF6268DECE9001F5840 /* Info.plist */ = {isa = PBXFileReference; lastKnownFileType = text.plist.xml; path = Info.plist; sourceTree = "<group>"; };
		B2FF1BFF268DF069001F5840 /* HTHeaderCell.swift */ = {isa = PBXFileReference; lastKnownFileType = sourcecode.swift; path = HTHeaderCell.swift; sourceTree = "<group>"; };
		B2FF1C02268DF1B3001F5840 /* HTImageView.swift */ = {isa = PBXFileReference; lastKnownFileType = sourcecode.swift; path = HTImageView.swift; sourceTree = "<group>"; };
		B2FF1C09268DF387001F5840 /* HTNameLabel.swift */ = {isa = PBXFileReference; lastKnownFileType = sourcecode.swift; path = HTNameLabel.swift; sourceTree = "<group>"; };
		B2FF1C0C268E0A29001F5840 /* HTProfileBodyCell.swift */ = {isa = PBXFileReference; lastKnownFileType = sourcecode.swift; path = HTProfileBodyCell.swift; sourceTree = "<group>"; };
/* End PBXFileReference section */

/* Begin PBXFrameworksBuildPhase section */
		B2FF1BE2268DECE6001F5840 /* Frameworks */ = {
			isa = PBXFrameworksBuildPhase;
			buildActionMask = 2147483647;
			files = (
			);
			runOnlyForDeploymentPostprocessing = 0;
		};
/* End PBXFrameworksBuildPhase section */

/* Begin PBXGroup section */
		98C2EDC0268E163400706E69 /* Data */ = {
			isa = PBXGroup;
			children = (
				B21A1880268E5D3B00F0474E /* AccountOptionViewModel.swift */,
				B21A1883268E5D7300F0474E /* Option.swift */,
				B21A1887268E5DBE00F0474E /* AccountOption.swift */,
			);
			path = Data;
			sourceTree = "<group>";
		};
		B21A1878268E2A8400F0474E /* ViewController */ = {
			isa = PBXGroup;
			children = (
				B2FF1BEC268DECE6001F5840 /* HTProfileVC.swift */,
			);
			path = ViewController;
			sourceTree = "<group>";
		};
		B2FF1BDC268DECE6001F5840 = {
			isa = PBXGroup;
			children = (
				B2FF1BE7268DECE6001F5840 /* Hubtel-iOS */,
				B2FF1BE6268DECE6001F5840 /* Products */,
			);
			sourceTree = "<group>";
		};
		B2FF1BE6268DECE6001F5840 /* Products */ = {
			isa = PBXGroup;
			children = (
				B2FF1BE5268DECE6001F5840 /* Hubtel-iOS.app */,
			);
			name = Products;
			sourceTree = "<group>";
		};
		B2FF1BE7268DECE6001F5840 /* Hubtel-iOS */ = {
			isa = PBXGroup;
			children = (
				98C2EDC0268E163400706E69 /* Data */,
				B2FF1BFE268DF00C001F5840 /* Support */,
				B21A1878268E2A8400F0474E /* ViewController */,
				B2FF1BF3268DECE9001F5840 /* LaunchScreen.storyboard */,
				B2FF1BF6268DECE9001F5840 /* Info.plist */,
				B2FF1C0F268E0A6D001F5840 /* Cells */,
				B2FF1C12268E0E52001F5840 /* CustomViews */,
			);
			path = "Hubtel-iOS";
			sourceTree = "<group>";
		};
		B2FF1BFE268DF00C001F5840 /* Support */ = {
			isa = PBXGroup;
			children = (
				B2FF1BE8268DECE6001F5840 /* AppDelegate.swift */,
				B2FF1BEA268DECE6001F5840 /* SceneDelegate.swift */,
				B2FF1BF1268DECE9001F5840 /* Assets.xcassets */,
			);
			path = Support;
			sourceTree = "<group>";
		};
		B2FF1C0F268E0A6D001F5840 /* Cells */ = {
			isa = PBXGroup;
			children = (
				B2FF1BFF268DF069001F5840 /* HTHeaderCell.swift */,
				B2FF1C0C268E0A29001F5840 /* HTProfileBodyCell.swift */,
			);
			path = Cells;
			sourceTree = "<group>";
		};
		B2FF1C12268E0E52001F5840 /* CustomViews */ = {
			isa = PBXGroup;
			children = (
				B2FF1C02268DF1B3001F5840 /* HTImageView.swift */,
				B2FF1C09268DF387001F5840 /* HTNameLabel.swift */,
			);
			path = CustomViews;
			sourceTree = "<group>";
		};
/* End PBXGroup section */

/* Begin PBXNativeTarget section */
		B2FF1BE4268DECE6001F5840 /* Hubtel-iOS */ = {
			isa = PBXNativeTarget;
			buildConfigurationList = B2FF1BF9268DECE9001F5840 /* Build configuration list for PBXNativeTarget "Hubtel-iOS" */;
			buildPhases = (
				B2FF1BE1268DECE6001F5840 /* Sources */,
				B2FF1BE2268DECE6001F5840 /* Frameworks */,
				B2FF1BE3268DECE6001F5840 /* Resources */,
			);
			buildRules = (
			);
			dependencies = (
			);
			name = "Hubtel-iOS";
			productName = "Hubtel-iOS";
			productReference = B2FF1BE5268DECE6001F5840 /* Hubtel-iOS.app */;
			productType = "com.apple.product-type.application";
		};
/* End PBXNativeTarget section */

/* Begin PBXProject section */
		B2FF1BDD268DECE6001F5840 /* Project object */ = {
			isa = PBXProject;
			attributes = {
				LastSwiftUpdateCheck = 1220;
				LastUpgradeCheck = 1220;
				TargetAttributes = {
					B2FF1BE4268DECE6001F5840 = {
						CreatedOnToolsVersion = 12.2;
					};
				};
			};
			buildConfigurationList = B2FF1BE0268DECE6001F5840 /* Build configuration list for PBXProject "Hubtel-iOS" */;
			compatibilityVersion = "Xcode 9.3";
			developmentRegion = en;
			hasScannedForEncodings = 0;
			knownRegions = (
				en,
				Base,
			);
			mainGroup = B2FF1BDC268DECE6001F5840;
			productRefGroup = B2FF1BE6268DECE6001F5840 /* Products */;
			projectDirPath = "";
			projectRoot = "";
			targets = (
				B2FF1BE4268DECE6001F5840 /* Hubtel-iOS */,
			);
		};
/* End PBXProject section */

/* Begin PBXResourcesBuildPhase section */
		B2FF1BE3268DECE6001F5840 /* Resources */ = {
			isa = PBXResourcesBuildPhase;
			buildActionMask = 2147483647;
			files = (
				B2FF1BF5268DECE9001F5840 /* LaunchScreen.storyboard in Resources */,
				B2FF1BF2268DECE9001F5840 /* Assets.xcassets in Resources */,
			);
			runOnlyForDeploymentPostprocessing = 0;
		};
/* End PBXResourcesBuildPhase section */

/* Begin PBXSourcesBuildPhase section */
		B2FF1BE1268DECE6001F5840 /* Sources */ = {
			isa = PBXSourcesBuildPhase;
			buildActionMask = 2147483647;
			files = (
				B2FF1C00268DF069001F5840 /* HTHeaderCell.swift in Sources */,
				B2FF1BED268DECE6001F5840 /* HTProfileVC.swift in Sources */,
				B21A1884268E5D7300F0474E /* Option.swift in Sources */,
				B21A1881268E5D3B00F0474E /* AccountOptionViewModel.swift in Sources */,
				B2FF1BE9268DECE6001F5840 /* AppDelegate.swift in Sources */,
				B2FF1C0D268E0A29001F5840 /* HTProfileBodyCell.swift in Sources */,
				B2FF1BEB268DECE6001F5840 /* SceneDelegate.swift in Sources */,
				B2FF1C03268DF1B3001F5840 /* HTImageView.swift in Sources */,
				B21A1888268E5DBE00F0474E /* AccountOption.swift in Sources */,
				B2FF1C0A268DF387001F5840 /* HTNameLabel.swift in Sources */,
			);
			runOnlyForDeploymentPostprocessing = 0;
		};
/* End PBXSourcesBuildPhase section */

/* Begin PBXVariantGroup section */
		B2FF1BF3268DECE9001F5840 /* LaunchScreen.storyboard */ = {
			isa = PBXVariantGroup;
			children = (
				B2FF1BF4268DECE9001F5840 /* Base */,
			);
			name = LaunchScreen.storyboard;
			sourceTree = "<group>";
		};
/* End PBXVariantGroup section */

/* Begin XCBuildConfiguration section */
		B2FF1BF7268DECE9001F5840 /* Debug */ = {
			isa = XCBuildConfiguration;
			buildSettings = {
				ALWAYS_SEARCH_USER_PATHS = NO;
				CLANG_ANALYZER_NONNULL = YES;
				CLANG_ANALYZER_NUMBER_OBJECT_CONVERSION = YES_AGGRESSIVE;
				CLANG_CXX_LANGUAGE_STANDARD = "gnu++14";
				CLANG_CXX_LIBRARY = "libc++";
				CLANG_ENABLE_MODULES = YES;
				CLANG_ENABLE_OBJC_ARC = YES;
				CLANG_ENABLE_OBJC_WEAK = YES;
				CLANG_WARN_BLOCK_CAPTURE_AUTORELEASING = YES;
				CLANG_WARN_BOOL_CONVERSION = YES;
				CLANG_WARN_COMMA = YES;
				CLANG_WARN_CONSTANT_CONVERSION = YES;
				CLANG_WARN_DEPRECATED_OBJC_IMPLEMENTATIONS = YES;
				CLANG_WARN_DIRECT_OBJC_ISA_USAGE = YES_ERROR;
				CLANG_WARN_DOCUMENTATION_COMMENTS = YES;
				CLANG_WARN_EMPTY_BODY = YES;
				CLANG_WARN_ENUM_CONVERSION = YES;
				CLANG_WARN_INFINITE_RECURSION = YES;
				CLANG_WARN_INT_CONVERSION = YES;
				CLANG_WARN_NON_LITERAL_NULL_CONVERSION = YES;
				CLANG_WARN_OBJC_IMPLICIT_RETAIN_SELF = YES;
				CLANG_WARN_OBJC_LITERAL_CONVERSION = YES;
				CLANG_WARN_OBJC_ROOT_CLASS = YES_ERROR;
				CLANG_WARN_QUOTED_INCLUDE_IN_FRAMEWORK_HEADER = YES;
				CLANG_WARN_RANGE_LOOP_ANALYSIS = YES;
				CLANG_WARN_STRICT_PROTOTYPES = YES;
				CLANG_WARN_SUSPICIOUS_MOVE = YES;
				CLANG_WARN_UNGUARDED_AVAILABILITY = YES_AGGRESSIVE;
				CLANG_WARN_UNREACHABLE_CODE = YES;
				CLANG_WARN__DUPLICATE_METHOD_MATCH = YES;
				COPY_PHASE_STRIP = NO;
				DEBUG_INFORMATION_FORMAT = dwarf;
				ENABLE_STRICT_OBJC_MSGSEND = YES;
				ENABLE_TESTABILITY = YES;
				GCC_C_LANGUAGE_STANDARD = gnu11;
				GCC_DYNAMIC_NO_PIC = NO;
				GCC_NO_COMMON_BLOCKS = YES;
				GCC_OPTIMIZATION_LEVEL = 0;
				GCC_PREPROCESSOR_DEFINITIONS = (
					"DEBUG=1",
					"$(inherited)",
				);
				GCC_WARN_64_TO_32_BIT_CONVERSION = YES;
				GCC_WARN_ABOUT_RETURN_TYPE = YES_ERROR;
				GCC_WARN_UNDECLARED_SELECTOR = YES;
				GCC_WARN_UNINITIALIZED_AUTOS = YES_AGGRESSIVE;
				GCC_WARN_UNUSED_FUNCTION = YES;
				GCC_WARN_UNUSED_VARIABLE = YES;
				IPHONEOS_DEPLOYMENT_TARGET = 14.2;
				MTL_ENABLE_DEBUG_INFO = INCLUDE_SOURCE;
				MTL_FAST_MATH = YES;
				ONLY_ACTIVE_ARCH = YES;
				SDKROOT = iphoneos;
				SWIFT_ACTIVE_COMPILATION_CONDITIONS = DEBUG;
				SWIFT_OPTIMIZATION_LEVEL = "-Onone";
			};
			name = Debug;
		};
		B2FF1BF8268DECE9001F5840 /* Release */ = {
			isa = XCBuildConfiguration;
			buildSettings = {
				ALWAYS_SEARCH_USER_PATHS = NO;
				CLANG_ANALYZER_NONNULL = YES;
				CLANG_ANALYZER_NUMBER_OBJECT_CONVERSION = YES_AGGRESSIVE;
				CLANG_CXX_LANGUAGE_STANDARD = "gnu++14";
				CLANG_CXX_LIBRARY = "libc++";
				CLANG_ENABLE_MODULES = YES;
				CLANG_ENABLE_OBJC_ARC = YES;
				CLANG_ENABLE_OBJC_WEAK = YES;
				CLANG_WARN_BLOCK_CAPTURE_AUTORELEASING = YES;
				CLANG_WARN_BOOL_CONVERSION = YES;
				CLANG_WARN_COMMA = YES;
				CLANG_WARN_CONSTANT_CONVERSION = YES;
				CLANG_WARN_DEPRECATED_OBJC_IMPLEMENTATIONS = YES;
				CLANG_WARN_DIRECT_OBJC_ISA_USAGE = YES_ERROR;
				CLANG_WARN_DOCUMENTATION_COMMENTS = YES;
				CLANG_WARN_EMPTY_BODY = YES;
				CLANG_WARN_ENUM_CONVERSION = YES;
				CLANG_WARN_INFINITE_RECURSION = YES;
				CLANG_WARN_INT_CONVERSION = YES;
				CLANG_WARN_NON_LITERAL_NULL_CONVERSION = YES;
				CLANG_WARN_OBJC_IMPLICIT_RETAIN_SELF = YES;
				CLANG_WARN_OBJC_LITERAL_CONVERSION = YES;
				CLANG_WARN_OBJC_ROOT_CLASS = YES_ERROR;
				CLANG_WARN_QUOTED_INCLUDE_IN_FRAMEWORK_HEADER = YES;
				CLANG_WARN_RANGE_LOOP_ANALYSIS = YES;
				CLANG_WARN_STRICT_PROTOTYPES = YES;
				CLANG_WARN_SUSPICIOUS_MOVE = YES;
				CLANG_WARN_UNGUARDED_AVAILABILITY = YES_AGGRESSIVE;
				CLANG_WARN_UNREACHABLE_CODE = YES;
				CLANG_WARN__DUPLICATE_METHOD_MATCH = YES;
				COPY_PHASE_STRIP = NO;
				DEBUG_INFORMATION_FORMAT = "dwarf-with-dsym";
				ENABLE_NS_ASSERTIONS = NO;
				ENABLE_STRICT_OBJC_MSGSEND = YES;
				GCC_C_LANGUAGE_STANDARD = gnu11;
				GCC_NO_COMMON_BLOCKS = YES;
				GCC_WARN_64_TO_32_BIT_CONVERSION = YES;
				GCC_WARN_ABOUT_RETURN_TYPE = YES_ERROR;
				GCC_WARN_UNDECLARED_SELECTOR = YES;
				GCC_WARN_UNINITIALIZED_AUTOS = YES_AGGRESSIVE;
				GCC_WARN_UNUSED_FUNCTION = YES;
				GCC_WARN_UNUSED_VARIABLE = YES;
				IPHONEOS_DEPLOYMENT_TARGET = 14.2;
				MTL_ENABLE_DEBUG_INFO = NO;
				MTL_FAST_MATH = YES;
				SDKROOT = iphoneos;
				SWIFT_COMPILATION_MODE = wholemodule;
				SWIFT_OPTIMIZATION_LEVEL = "-O";
				VALIDATE_PRODUCT = YES;
			};
			name = Release;
		};
		B2FF1BFA268DECE9001F5840 /* Debug */ = {
			isa = XCBuildConfiguration;
			buildSettings = {
				ASSETCATALOG_COMPILER_APPICON_NAME = AppIcon;
				ASSETCATALOG_COMPILER_GLOBAL_ACCENT_COLOR_NAME = AccentColor;
				CODE_SIGN_STYLE = Automatic;
				DEVELOPMENT_TEAM = 9WTXG2G2BJ;
				INFOPLIST_FILE = "Hubtel-iOS/Info.plist";
				LD_RUNPATH_SEARCH_PATHS = (
					"$(inherited)",
					"@executable_path/Frameworks",
				);
				PRODUCT_BUNDLE_IDENTIFIER = "tech.diayansiat.Hubtel-iOS";
				PRODUCT_NAME = "$(TARGET_NAME)";
				SWIFT_VERSION = 5.0;
				TARGETED_DEVICE_FAMILY = "1,2";
			};
			name = Debug;
		};
		B2FF1BFB268DECE9001F5840 /* Release */ = {
			isa = XCBuildConfiguration;
			buildSettings = {
				ASSETCATALOG_COMPILER_APPICON_NAME = AppIcon;
				ASSETCATALOG_COMPILER_GLOBAL_ACCENT_COLOR_NAME = AccentColor;
				CODE_SIGN_STYLE = Automatic;
				DEVELOPMENT_TEAM = 9WTXG2G2BJ;
				INFOPLIST_FILE = "Hubtel-iOS/Info.plist";
				LD_RUNPATH_SEARCH_PATHS = (
					"$(inherited)",
					"@executable_path/Frameworks",
				);
				PRODUCT_BUNDLE_IDENTIFIER = "tech.diayansiat.Hubtel-iOS";
				PRODUCT_NAME = "$(TARGET_NAME)";
				SWIFT_VERSION = 5.0;
				TARGETED_DEVICE_FAMILY = "1,2";
			};
			name = Release;
		};
/* End XCBuildConfiguration section */

/* Begin XCConfigurationList section */
		B2FF1BE0268DECE6001F5840 /* Build configuration list for PBXProject "Hubtel-iOS" */ = {
			isa = XCConfigurationList;
			buildConfigurations = (
				B2FF1BF7268DECE9001F5840 /* Debug */,
				B2FF1BF8268DECE9001F5840 /* Release */,
			);
			defaultConfigurationIsVisible = 0;
			defaultConfigurationName = Release;
		};
		B2FF1BF9268DECE9001F5840 /* Build configuration list for PBXNativeTarget "Hubtel-iOS" */ = {
			isa = XCConfigurationList;
			buildConfigurations = (
				B2FF1BFA268DECE9001F5840 /* Debug */,
				B2FF1BFB268DECE9001F5840 /* Release */,
			);
			defaultConfigurationIsVisible = 0;
			defaultConfigurationName = Release;
		};
/* End XCConfigurationList section */
	};
	rootObject = B2FF1BDD268DECE6001F5840 /* Project object */;
}
